
Microsoft Visual Studio Solution File, Format Version 12.00
# Visual Studio Version 17
VisualStudioVersion = 17.9.34902.65
MinimumVisualStudioVersion = 10.0.40219.1
Project("{9A19103F-16F7-4668-BE54-9A1E7A4F7556}") = "Tree Data Structures", "Tree Data Structures\Tree Data Structures.csproj", "{7DE8B02F-A9BA-4ED6-965A-40BECB173E74}"
EndProject
Project("{9A19103F-16F7-4668-BE54-9A1E7A4F7556}") = "Bitwise Algorithms", "Bitwise Algorithms\Bitwise Algorithms.csproj", "{2D10F7CB-A95C-4552-A7EF-9CD0FBD8838A}"
EndProject
Project("{FAE04EC0-301F-11D3-BF4B-00C04F79EFBC}") = "Banking_System", "Banking_System\Banking_System.csproj", "{5BD831C2-EF84-45BB-A7B0-CE4B06E2A47C}"
EndProject
Project("{9A19103F-16F7-4668-BE54-9A1E7A4F7556}") = "Pattern Searching Algorithms", "Pattern Searching Algorithms\Pattern Searching Algorithms.csproj", "{E1C67A03-77C3-4156-8C49-668E16297245}"
EndProject
Project("{9A19103F-16F7-4668-BE54-9A1E7A4F7556}") = "Dynamic Programming", "Dynamic Programming\Dynamic Programming.csproj", "{E7A6F55F-B6DC-4186-9780-F80D2BE1C72B}"
EndProject
Project("{9A19103F-16F7-4668-BE54-9A1E7A4F7556}") = "Dynamic Programming Algorithms", "Dynamic Programming Algorithms\Dynamic Programming Algorithms.csproj", "{4AAFDD2F-5D3E-4C01-9503-1B8DF581D9B9}"
EndProject
Project("{FAE04EC0-301F-11D3-BF4B-00C04F79EFBC}") = "Rat_miz", "Rat_miz\Rat_miz.csproj", "{9342F4AA-26C5-4E55-ADF8-8ACCF41A9552}"
EndProject
Project("{FAE04EC0-301F-11D3-BF4B-00C04F79EFBC}") = "LINQ_Operations", "LINQ_Operations\LINQ_Operations.csproj", "{0802C7A2-9061-4EC2-9371-698371C02875}"
EndProject
Global
	GlobalSection(SolutionConfigurationPlatforms) = preSolution
		Debug|Any CPU = Debug|Any CPU
		Release|Any CPU = Release|Any CPU
	EndGlobalSection
	GlobalSection(ProjectConfigurationPlatforms) = postSolution
		{7DE8B02F-A9BA-4ED6-965A-40BECB173E74}.Debug|Any CPU.ActiveCfg = Debug|Any CPU
		{7DE8B02F-A9BA-4ED6-965A-40BECB173E74}.Debug|Any CPU.Build.0 = Debug|Any CPU
		{7DE8B02F-A9BA-4ED6-965A-40BECB173E74}.Release|Any CPU.ActiveCfg = Release|Any CPU
		{7DE8B02F-A9BA-4ED6-965A-40BECB173E74}.Release|Any CPU.Build.0 = Release|Any CPU
		{2D10F7CB-A95C-4552-A7EF-9CD0FBD8838A}.Debug|Any CPU.ActiveCfg = Debug|Any CPU
		{2D10F7CB-A95C-4552-A7EF-9CD0FBD8838A}.Debug|Any CPU.Build.0 = Debug|Any CPU
		{2D10F7CB-A95C-4552-A7EF-9CD0FBD8838A}.Release|Any CPU.ActiveCfg = Release|Any CPU
		{2D10F7CB-A95C-4552-A7EF-9CD0FBD8838A}.Release|Any CPU.Build.0 = Release|Any CPU
		{5BD831C2-EF84-45BB-A7B0-CE4B06E2A47C}.Debug|Any CPU.ActiveCfg = Debug|Any CPU
		{5BD831C2-EF84-45BB-A7B0-CE4B06E2A47C}.Debug|Any CPU.Build.0 = Debug|Any CPU
		{5BD831C2-EF84-45BB-A7B0-CE4B06E2A47C}.Release|Any CPU.ActiveCfg = Release|Any CPU
		{5BD831C2-EF84-45BB-A7B0-CE4B06E2A47C}.Release|Any CPU.Build.0 = Release|Any CPU
		{E1C67A03-77C3-4156-8C49-668E16297245}.Debug|Any CPU.ActiveCfg = Debug|Any CPU
		{E1C67A03-77C3-4156-8C49-668E16297245}.Debug|Any CPU.Build.0 = Debug|Any CPU
		{E1C67A03-77C3-4156-8C49-668E16297245}.Release|Any CPU.ActiveCfg = Release|Any CPU
		{E1C67A03-77C3-4156-8C49-668E16297245}.Release|Any CPU.Build.0 = Release|Any CPU
		{E7A6F55F-B6DC-4186-9780-F80D2BE1C72B}.Debug|Any CPU.ActiveCfg = Debug|Any CPU
		{E7A6F55F-B6DC-4186-9780-F80D2BE1C72B}.Debug|Any CPU.Build.0 = Debug|Any CPU
		{E7A6F55F-B6DC-4186-9780-F80D2BE1C72B}.Release|Any CPU.ActiveCfg = Release|Any CPU
		{E7A6F55F-B6DC-4186-9780-F80D2BE1C72B}.Release|Any CPU.Build.0 = Release|Any CPU
		{4AAFDD2F-5D3E-4C01-9503-1B8DF581D9B9}.Debug|Any CPU.ActiveCfg = Debug|Any CPU
		{4AAFDD2F-5D3E-4C01-9503-1B8DF581D9B9}.Debug|Any CPU.Build.0 = Debug|Any CPU
		{4AAFDD2F-5D3E-4C01-9503-1B8DF581D9B9}.Release|Any CPU.ActiveCfg = Release|Any CPU
		{4AAFDD2F-5D3E-4C01-9503-1B8DF581D9B9}.Release|Any CPU.Build.0 = Release|Any CPU
		{9342F4AA-26C5-4E55-ADF8-8ACCF41A9552}.Debug|Any CPU.ActiveCfg = Debug|Any CPU
		{9342F4AA-26C5-4E55-ADF8-8ACCF41A9552}.Debug|Any CPU.Build.0 = Debug|Any CPU
		{9342F4AA-26C5-4E55-ADF8-8ACCF41A9552}.Release|Any CPU.ActiveCfg = Release|Any CPU
		{9342F4AA-26C5-4E55-ADF8-8ACCF41A9552}.Release|Any CPU.Build.0 = Release|Any CPU
		{0802C7A2-9061-4EC2-9371-698371C02875}.Debug|Any CPU.ActiveCfg = Debug|Any CPU
		{0802C7A2-9061-4EC2-9371-698371C02875}.Debug|Any CPU.Build.0 = Debug|Any CPU
		{0802C7A2-9061-4EC2-9371-698371C02875}.Release|Any CPU.ActiveCfg = Release|Any CPU
		{0802C7A2-9061-4EC2-9371-698371C02875}.Release|Any CPU.Build.0 = Release|Any CPU
	EndGlobalSection
	GlobalSection(SolutionProperties) = preSolution
		HideSolutionNode = FALSE
	EndGlobalSection
	GlobalSection(ExtensibilityGlobals) = postSolution
		SolutionGuid = {B0557FCF-FE9A-4EC6-9C6B-B351FC3A0D45}
	EndGlobalSection
EndGlobal
