
Microsoft Visual Studio Solution File, Format Version 12.00
# Visual Studio Version 17
VisualStudioVersion = 17.9.34728.123
MinimumVisualStudioVersion = 10.0.40219.1
Project("{FAE04EC0-301F-11D3-BF4B-00C04F79EFBC}") = "Linq_P2", "Linq_P2\Linq_P2.csproj", "{429ABAD9-3D8F-4352-93C4-D59498D1D4E8}"
EndProject
Global
	GlobalSection(SolutionConfigurationPlatforms) = preSolution
		Debug|Any CPU = Debug|Any CPU
		Release|Any CPU = Release|Any CPU
	EndGlobalSection
	GlobalSection(ProjectConfigurationPlatforms) = postSolution
		{429ABAD9-3D8F-4352-93C4-D59498D1D4E8}.Debug|Any CPU.ActiveCfg = Debug|Any CPU
		{429ABAD9-3D8F-4352-93C4-D59498D1D4E8}.Debug|Any CPU.Build.0 = Debug|Any CPU
		{429ABAD9-3D8F-4352-93C4-D59498D1D4E8}.Release|Any CPU.ActiveCfg = Release|Any CPU
		{429ABAD9-3D8F-4352-93C4-D59498D1D4E8}.Release|Any CPU.Build.0 = Release|Any CPU
	EndGlobalSection
	GlobalSection(SolutionProperties) = preSolution
		HideSolutionNode = FALSE
	EndGlobalSection
	GlobalSection(ExtensibilityGlobals) = postSolution
		SolutionGuid = {22D0F193-A595-49D4-9D45-775E9AAEA8F9}
	EndGlobalSection
EndGlobal
